
Microsoft Visual Studio Solution File, Format Version 12.00
# Visual Studio Version 16
VisualStudioVersion = 16.0.31727.386
MinimumVisualStudioVersion = 10.0.40219.1
Project("{F184B08F-C81C-45F6-A57F-5ABD9991F28F}") = "program3", "program3\program3.vbproj", "{93076B60-A3DF-4BCD-A377-58C4B9C44D8F}"
EndProject
Global
	GlobalSection(SolutionConfigurationPlatforms) = preSolution
		Debug|Any CPU = Debug|Any CPU
		Release|Any CPU = Release|Any CPU
	EndGlobalSection
	GlobalSection(ProjectConfigurationPlatforms) = postSolution
		{93076B60-A3DF-4BCD-A377-58C4B9C44D8F}.Debug|Any CPU.ActiveCfg = Debug|Any CPU
		{93076B60-A3DF-4BCD-A377-58C4B9C44D8F}.Debug|Any CPU.Build.0 = Debug|Any CPU
		{93076B60-A3DF-4BCD-A377-58C4B9C44D8F}.Release|Any CPU.ActiveCfg = Release|Any CPU
		{93076B60-A3DF-4BCD-A377-58C4B9C44D8F}.Release|Any CPU.Build.0 = Release|Any CPU
	EndGlobalSection
	GlobalSection(SolutionProperties) = preSolution
		HideSolutionNode = FALSE
	EndGlobalSection
	GlobalSection(ExtensibilityGlobals) = postSolution
		SolutionGuid = {EAD105F5-1719-4594-AED6-275DFB4EED81}
	EndGlobalSection
EndGlobal
