
Microsoft Visual Studio Solution File, Format Version 12.00
# Visual Studio Version 16
VisualStudioVersion = 16.0.31727.386
MinimumVisualStudioVersion = 10.0.40219.1
Project("{F184B08F-C81C-45F6-A57F-5ABD9991F28F}") = "program7", "program7\program7.vbproj", "{C4B50F02-22C7-42B8-8840-77301C876737}"
EndProject
Global
	GlobalSection(SolutionConfigurationPlatforms) = preSolution
		Debug|Any CPU = Debug|Any CPU
		Release|Any CPU = Release|Any CPU
	EndGlobalSection
	GlobalSection(ProjectConfigurationPlatforms) = postSolution
		{C4B50F02-22C7-42B8-8840-77301C876737}.Debug|Any CPU.ActiveCfg = Debug|Any CPU
		{C4B50F02-22C7-42B8-8840-77301C876737}.Debug|Any CPU.Build.0 = Debug|Any CPU
		{C4B50F02-22C7-42B8-8840-77301C876737}.Release|Any CPU.ActiveCfg = Release|Any CPU
		{C4B50F02-22C7-42B8-8840-77301C876737}.Release|Any CPU.Build.0 = Release|Any CPU
	EndGlobalSection
	GlobalSection(SolutionProperties) = preSolution
		HideSolutionNode = FALSE
	EndGlobalSection
	GlobalSection(ExtensibilityGlobals) = postSolution
		SolutionGuid = {1D391F25-9542-4FA7-851B-26A7DE1F0369}
	EndGlobalSection
EndGlobal
